{
  "version": 4,
  "terraform_version": "1.3.7",
  "serial": 1702,
  "lineage": "eaf775ba-635b-3f25-5022-2df8a7f0bf3a",
  "outputs": {},
  "resources": [
    {
      "mode": "data",
      "type": "google_compute_image",
      "name": "gce_container_vm_image",
      "provider": "provider[\"registry.terraform.io/hashicorp/google\"]",
      "instances": [
        {
          "schema_version": 0,
          "attributes": {
            "archive_size_bytes": 1540968768,
            "creation_timestamp": "2023-06-12T11:39:14.757-07:00",
            "description": "Google, Container-Optimized OS, 105-17412.101.24 stable, Kernel: COS-5.15.109 Kubernetes: 1.25.5 Docker: 23.0.3 Family: cos-stable, supports Shielded VM features",
            "disk_size_gb": 10,
            "family": "cos-stable",
            "filter": null,
            "id": "projects/cos-cloud/global/images/cos-stable-105-17412-101-24",
            "image_encryption_key_sha256": "",
            "image_id": "596984845061249214",
            "label_fingerprint": "-KpEJ5YYTKg=",
            "labels": {
              "build_number": "17412-101-24",
              "milestone": "105"
            },
            "licenses": [
              "https://www.googleapis.com/compute/v1/projects/cos-cloud-shielded/global/licenses/shielded-cos",
              "https://www.googleapis.com/compute/v1/projects/cos-cloud/global/licenses/cos",
              "https://www.googleapis.com/compute/v1/projects/cos-cloud/global/licenses/cos-pcid"
            ],
            "name": "cos-stable-105-17412-101-24",
            "project": "cos-cloud",
            "self_link": "https://www.googleapis.com/compute/v1/projects/cos-cloud/global/images/cos-stable-105-17412-101-24",
            "source_disk": "",
            "source_disk_encryption_key_sha256": "",
            "source_disk_id": "",
            "source_image_id": "",
            "status": "READY"
          },
          "sensitive_attributes": []
        }
      ]
    },
    {
      "mode": "managed",
      "type": "google_artifact_registry_repository",
      "name": "api",
      "provider": "provider[\"registry.terraform.io/hashicorp/google\"]",
      "instances": [
        {
          "schema_version": 0,
          "attributes": {
            "create_time": "2023-06-25T03:19:34.584945Z",
            "description": "",
            "docker_config": [],
            "format": "DOCKER",
            "id": "projects/cityscout-390219/locations/us-west3/repositories/api",
            "kms_key_name": "",
            "labels": {},
            "location": "us-west3",
            "maven_config": [],
            "mode": "STANDARD_REPOSITORY",
            "name": "api",
            "project": "cityscout-390219",
            "remote_repository_config": [],
            "repository_id": "api",
            "timeouts": null,
            "update_time": "2023-06-25T21:21:47.219792Z",
            "virtual_repository_config": []
          },
          "sensitive_attributes": [],
          "private": "eyJlMmJmYjczMC1lY2FhLTExZTYtOGY4OC0zNDM2M2JjN2M0YzAiOnsiY3JlYXRlIjoxMjAwMDAwMDAwMDAwLCJkZWxldGUiOjEyMDAwMDAwMDAwMDAsInVwZGF0ZSI6MTIwMDAwMDAwMDAwMH19"
        }
      ]
    },
    {
      "mode": "managed",
      "type": "google_artifact_registry_repository",
      "name": "web",
      "provider": "provider[\"registry.terraform.io/hashicorp/google\"]",
      "instances": [
        {
          "schema_version": 0,
          "attributes": {
            "create_time": "2023-06-25T03:19:34.391988Z",
            "description": "",
            "docker_config": [],
            "format": "DOCKER",
            "id": "projects/cityscout-390219/locations/us-west3/repositories/web",
            "kms_key_name": "",
            "labels": {},
            "location": "us-west3",
            "maven_config": [],
            "mode": "STANDARD_REPOSITORY",
            "name": "web",
            "project": "cityscout-390219",
            "remote_repository_config": [],
            "repository_id": "web",
            "timeouts": null,
            "update_time": "2023-06-25T21:21:47.219651Z",
            "virtual_repository_config": []
          },
          "sensitive_attributes": [],
          "private": "eyJlMmJmYjczMC1lY2FhLTExZTYtOGY4OC0zNDM2M2JjN2M0YzAiOnsiY3JlYXRlIjoxMjAwMDAwMDAwMDAwLCJkZWxldGUiOjEyMDAwMDAwMDAwMDAsInVwZGF0ZSI6MTIwMDAwMDAwMDAwMH19"
        }
      ]
    },
    {
      "mode": "managed",
      "type": "google_compute_backend_service",
      "name": "api",
      "provider": "provider[\"registry.terraform.io/hashicorp/google\"]",
      "instances": [
        {
          "schema_version": 1,
          "attributes": {
            "affinity_cookie_ttl_sec": 0,
            "backend": [
              {
                "balancing_mode": "UTILIZATION",
                "capacity_scaler": 1,
                "description": "",
                "group": "https://www.googleapis.com/compute/v1/projects/cityscout-390219/regions/us-west3/instanceGroups/api-group-manager",
                "max_connections": 0,
                "max_connections_per_endpoint": 0,
                "max_connections_per_instance": 0,
                "max_rate": 0,
                "max_rate_per_endpoint": 0,
                "max_rate_per_instance": 0,
                "max_utilization": 0
              }
            ],
            "cdn_policy": [],
            "circuit_breakers": [],
            "compression_mode": "",
            "connection_draining_timeout_sec": 0,
            "consistent_hash": [],
            "creation_timestamp": "2023-06-24T20:20:09.004-07:00",
            "custom_request_headers": [],
            "custom_response_headers": [],
            "description": "",
            "edge_security_policy": "",
            "enable_cdn": false,
            "fingerprint": "95bbBKujhjo=",
            "generated_id": 6051671745675005062,
            "health_checks": [
              "https://www.googleapis.com/compute/v1/projects/cityscout-390219/global/healthChecks/http-basic-check-api"
            ],
            "iap": [],
            "id": "projects/cityscout-390219/global/backendServices/backend-service-api",
            "load_balancing_scheme": "EXTERNAL_MANAGED",
            "locality_lb_policies": [],
            "locality_lb_policy": "",
            "log_config": [],
            "name": "backend-service-api",
            "outlier_detection": [],
            "port_name": "http",
            "project": "cityscout-390219",
            "protocol": "HTTP",
            "security_policy": "",
            "security_settings": [],
            "self_link": "https://www.googleapis.com/compute/v1/projects/cityscout-390219/global/backendServices/backend-service-api",
            "session_affinity": "NONE",
            "timeout_sec": 30,
            "timeouts": null
          },
          "sensitive_attributes": [],
          "private": "eyJlMmJmYjczMC1lY2FhLTExZTYtOGY4OC0zNDM2M2JjN2M0YzAiOnsiY3JlYXRlIjoxMjAwMDAwMDAwMDAwLCJkZWxldGUiOjEyMDAwMDAwMDAwMDAsInVwZGF0ZSI6MTIwMDAwMDAwMDAwMH0sInNjaGVtYV92ZXJzaW9uIjoiMSJ9",
          "dependencies": [
            "data.google_compute_image.gce_container_vm_image",
            "google_compute_health_check.api",
            "google_compute_instance_template.api",
            "google_compute_region_instance_group_manager.api",
            "module.api-container.data.google_compute_image.coreos"
          ],
          "create_before_destroy": true
        }
      ]
    },
    {
      "mode": "managed",
      "type": "google_compute_backend_service",
      "name": "web",
      "provider": "provider[\"registry.terraform.io/hashicorp/google\"]",
      "instances": [
        {
          "schema_version": 1,
          "attributes": {
            "affinity_cookie_ttl_sec": 0,
            "backend": [
              {
                "balancing_mode": "UTILIZATION",
                "capacity_scaler": 1,
                "description": "",
                "group": "https://www.googleapis.com/compute/v1/projects/cityscout-390219/regions/us-west3/instanceGroups/web-group-manager",
                "max_connections": 0,
                "max_connections_per_endpoint": 0,
                "max_connections_per_instance": 0,
                "max_rate": 0,
                "max_rate_per_endpoint": 0,
                "max_rate_per_instance": 0,
                "max_utilization": 0
              }
            ],
            "cdn_policy": [],
            "circuit_breakers": [],
            "compression_mode": "",
            "connection_draining_timeout_sec": 0,
            "consistent_hash": [],
            "creation_timestamp": "2023-06-24T20:20:08.496-07:00",
            "custom_request_headers": [],
            "custom_response_headers": [],
            "description": "",
            "edge_security_policy": "",
            "enable_cdn": false,
            "fingerprint": "AH9l5vtuqo8=",
            "generated_id": 782267565253201031,
            "health_checks": [
              "https://www.googleapis.com/compute/v1/projects/cityscout-390219/global/healthChecks/http-basic-check-web"
            ],
            "iap": [],
            "id": "projects/cityscout-390219/global/backendServices/backend-service-web",
            "load_balancing_scheme": "EXTERNAL_MANAGED",
            "locality_lb_policies": [],
            "locality_lb_policy": "",
            "log_config": [],
            "name": "backend-service-web",
            "outlier_detection": [],
            "port_name": "http",
            "project": "cityscout-390219",
            "protocol": "HTTP",
            "security_policy": "",
            "security_settings": [],
            "self_link": "https://www.googleapis.com/compute/v1/projects/cityscout-390219/global/backendServices/backend-service-web",
            "session_affinity": "NONE",
            "timeout_sec": 30,
            "timeouts": null
          },
          "sensitive_attributes": [],
          "private": "eyJlMmJmYjczMC1lY2FhLTExZTYtOGY4OC0zNDM2M2JjN2M0YzAiOnsiY3JlYXRlIjoxMjAwMDAwMDAwMDAwLCJkZWxldGUiOjEyMDAwMDAwMDAwMDAsInVwZGF0ZSI6MTIwMDAwMDAwMDAwMH0sInNjaGVtYV92ZXJzaW9uIjoiMSJ9",
          "dependencies": [
            "data.google_compute_image.gce_container_vm_image",
            "google_compute_health_check.web",
            "google_compute_instance_template.web",
            "google_compute_region_instance_group_manager.web",
            "module.web-container.data.google_compute_image.coreos"
          ],
          "create_before_destroy": true
        }
      ]
    },
    {
      "mode": "managed",
      "type": "google_compute_firewall",
      "name": "default",
      "provider": "provider[\"registry.terraform.io/hashicorp/google\"]",
      "instances": [
        {
          "schema_version": 1,
          "attributes": {
            "allow": [
              {
                "ports": [
                  "3000",
                  "8080"
                ],
                "protocol": "tcp"
              }
            ],
            "creation_timestamp": "2023-06-24T20:19:34.008-07:00",
            "deny": [],
            "description": "",
            "destination_ranges": [],
            "direction": "INGRESS",
            "disabled": false,
            "enable_logging": null,
            "id": "projects/cityscout-390219/global/firewalls/fw-allow-health-check",
            "log_config": [],
            "name": "fw-allow-health-check",
            "network": "https://www.googleapis.com/compute/v1/projects/cityscout-390219/global/networks/default",
            "priority": 1000,
            "project": "cityscout-390219",
            "self_link": "https://www.googleapis.com/compute/v1/projects/cityscout-390219/global/firewalls/fw-allow-health-check",
            "source_ranges": [
              "0.0.0.0/0"
            ],
            "source_service_accounts": [],
            "source_tags": [],
            "target_service_accounts": [],
            "target_tags": [
              "allow-health-check"
            ],
            "timeouts": null
          },
          "sensitive_attributes": [],
          "private": "eyJlMmJmYjczMC1lY2FhLTExZTYtOGY4OC0zNDM2M2JjN2M0YzAiOnsiY3JlYXRlIjoxMjAwMDAwMDAwMDAwLCJkZWxldGUiOjEyMDAwMDAwMDAwMDAsInVwZGF0ZSI6MTIwMDAwMDAwMDAwMH0sInNjaGVtYV92ZXJzaW9uIjoiMSJ9"
        }
      ]
    },
    {
      "mode": "managed",
      "type": "google_compute_global_address",
      "name": "default",
      "provider": "provider[\"registry.terraform.io/hashicorp/google\"]",
      "instances": [
        {
          "schema_version": 0,
          "attributes": {
            "address": "34.160.105.234",
            "address_type": "EXTERNAL",
            "creation_timestamp": "2023-06-24T20:19:33.816-07:00",
            "description": "",
            "id": "projects/cityscout-390219/global/addresses/lb-ipv4-1",
            "ip_version": "",
            "name": "lb-ipv4-1",
            "network": "",
            "prefix_length": 0,
            "project": "cityscout-390219",
            "purpose": "",
            "self_link": "https://www.googleapis.com/compute/v1/projects/cityscout-390219/global/addresses/lb-ipv4-1",
            "timeouts": null
          },
          "sensitive_attributes": [],
          "private": "eyJlMmJmYjczMC1lY2FhLTExZTYtOGY4OC0zNDM2M2JjN2M0YzAiOnsiY3JlYXRlIjoxMjAwMDAwMDAwMDAwLCJkZWxldGUiOjEyMDAwMDAwMDAwMDB9fQ=="
        }
      ]
    },
    {
      "mode": "managed",
      "type": "google_compute_global_forwarding_rule",
      "name": "default",
      "provider": "provider[\"registry.terraform.io/hashicorp/google\"]",
      "instances": [
        {
          "schema_version": 0,
          "attributes": {
            "base_forwarding_rule": "",
            "description": "",
            "id": "projects/cityscout-390219/global/forwardingRules/http-content-rule",
            "ip_address": "34.160.105.234",
            "ip_protocol": "TCP",
            "ip_version": "",
            "label_fingerprint": "42WmSpB8rSM=",
            "labels": {},
            "load_balancing_scheme": "EXTERNAL_MANAGED",
            "metadata_filters": [],
            "name": "http-content-rule",
            "network": "",
            "port_range": "443-443",
            "project": "cityscout-390219",
            "psc_connection_id": "",
            "psc_connection_status": "",
            "self_link": "https://www.googleapis.com/compute/v1/projects/cityscout-390219/global/forwardingRules/http-content-rule",
            "source_ip_ranges": [],
            "target": "https://www.googleapis.com/compute/v1/projects/cityscout-390219/global/targetHttpsProxies/https-proxy",
            "timeouts": null
          },
          "sensitive_attributes": [],
          "private": "eyJlMmJmYjczMC1lY2FhLTExZTYtOGY4OC0zNDM2M2JjN2M0YzAiOnsiY3JlYXRlIjoxMjAwMDAwMDAwMDAwLCJkZWxldGUiOjEyMDAwMDAwMDAwMDAsInVwZGF0ZSI6MTIwMDAwMDAwMDAwMH19",
          "dependencies": [
            "data.google_compute_image.gce_container_vm_image",
            "google_compute_backend_service.api",
            "google_compute_backend_service.web",
            "google_compute_global_address.default",
            "google_compute_health_check.api",
            "google_compute_health_check.web",
            "google_compute_instance_template.api",
            "google_compute_instance_template.web",
            "google_compute_managed_ssl_certificate.cityscout_managed_certificate",
            "google_compute_region_instance_group_manager.api",
            "google_compute_region_instance_group_manager.web",
            "google_compute_target_https_proxy.default",
            "google_compute_url_map.default",
            "module.api-container.data.google_compute_image.coreos",
            "module.web-container.data.google_compute_image.coreos"
          ]
        }
      ]
    },
    {
      "mode": "managed",
      "type": "google_compute_health_check",
      "name": "api",
      "provider": "provider[\"registry.terraform.io/hashicorp/google\"]",
      "instances": [
        {
          "schema_version": 0,
          "attributes": {
            "check_interval_sec": 5,
            "creation_timestamp": "2023-06-24T20:19:33.812-07:00",
            "description": "",
            "grpc_health_check": [],
            "healthy_threshold": 2,
            "http2_health_check": [],
            "http_health_check": [
              {
                "host": "",
                "port": 8080,
                "port_name": "",
                "port_specification": "USE_FIXED_PORT",
                "proxy_header": "NONE",
                "request_path": "/",
                "response": ""
              }
            ],
            "https_health_check": [],
            "id": "projects/cityscout-390219/global/healthChecks/http-basic-check-api",
            "log_config": [
              {
                "enable": false
              }
            ],
            "name": "http-basic-check-api",
            "project": "cityscout-390219",
            "self_link": "https://www.googleapis.com/compute/v1/projects/cityscout-390219/global/healthChecks/http-basic-check-api",
            "ssl_health_check": [],
            "tcp_health_check": [],
            "timeout_sec": 5,
            "timeouts": null,
            "type": "HTTP",
            "unhealthy_threshold": 2
          },
          "sensitive_attributes": [],
          "private": "eyJlMmJmYjczMC1lY2FhLTExZTYtOGY4OC0zNDM2M2JjN2M0YzAiOnsiY3JlYXRlIjoxMjAwMDAwMDAwMDAwLCJkZWxldGUiOjEyMDAwMDAwMDAwMDAsInVwZGF0ZSI6MTIwMDAwMDAwMDAwMH19",
          "create_before_destroy": true
        }
      ]
    },
    {
      "mode": "managed",
      "type": "google_compute_health_check",
      "name": "web",
      "provider": "provider[\"registry.terraform.io/hashicorp/google\"]",
      "instances": [
        {
          "schema_version": 0,
          "attributes": {
            "check_interval_sec": 5,
            "creation_timestamp": "2023-06-24T20:19:34.512-07:00",
            "description": "",
            "grpc_health_check": [],
            "healthy_threshold": 2,
            "http2_health_check": [],
            "http_health_check": [
              {
                "host": "",
                "port": 3000,
                "port_name": "",
                "port_specification": "USE_FIXED_PORT",
                "proxy_header": "NONE",
                "request_path": "/",
                "response": ""
              }
            ],
            "https_health_check": [],
            "id": "projects/cityscout-390219/global/healthChecks/http-basic-check-web",
            "log_config": [
              {
                "enable": false
              }
            ],
            "name": "http-basic-check-web",
            "project": "cityscout-390219",
            "self_link": "https://www.googleapis.com/compute/v1/projects/cityscout-390219/global/healthChecks/http-basic-check-web",
            "ssl_health_check": [],
            "tcp_health_check": [],
            "timeout_sec": 5,
            "timeouts": null,
            "type": "HTTP",
            "unhealthy_threshold": 2
          },
          "sensitive_attributes": [],
          "private": "eyJlMmJmYjczMC1lY2FhLTExZTYtOGY4OC0zNDM2M2JjN2M0YzAiOnsiY3JlYXRlIjoxMjAwMDAwMDAwMDAwLCJkZWxldGUiOjEyMDAwMDAwMDAwMDAsInVwZGF0ZSI6MTIwMDAwMDAwMDAwMH19",
          "create_before_destroy": true
        }
      ]
    },
    {
      "mode": "managed",
      "type": "google_compute_instance_template",
      "name": "api",
      "provider": "provider[\"registry.terraform.io/hashicorp/google\"]",
      "instances": [
        {
          "schema_version": 1,
          "attributes": {
            "advanced_machine_features": [],
            "can_ip_forward": false,
            "confidential_instance_config": null,
            "description": "",
            "disk": [
              {
                "auto_delete": true,
                "boot": true,
                "device_name": "persistent-disk-1",
                "disk_encryption_key": [],
                "disk_name": "",
                "disk_size_gb": 10,
                "disk_type": "pd-standard",
                "interface": "SCSI",
                "labels": null,
                "mode": "READ_WRITE",
                "resource_policies": null,
                "source": "",
                "source_image": "projects/cos-cloud/global/images/cos-stable-105-17412-101-24",
                "source_image_encryption_key": [],
                "source_snapshot": "",
                "source_snapshot_encryption_key": [],
                "type": "PERSISTENT"
              }
            ],
            "guest_accelerator": [],
            "id": "projects/cityscout-390219/global/instanceTemplates/api-instance-template20230625212146816300000001",
            "instance_description": "",
            "labels": {
              "container-vm": "cos-stable-105-17412-101-24",
              "managed-by-cnrm": "true"
            },
            "machine_type": "n1-standard-1",
            "metadata": {
              "gce-container-declaration": "\"spec\":\n  \"containers\":\n  - \"image\": \"us-west3-docker.pkg.dev/cityscout-390219/api/1.14\"\n    \"securityContext\":\n      \"privileged\": true\n    \"tty\": true\n  \"restartPolicy\": \"Always\"\n  \"volumes\": []\n",
              "google-logging-enabled": "true"
            },
            "metadata_fingerprint": "7XljGDGZ98E=",
            "metadata_startup_script": null,
            "min_cpu_platform": "",
            "name": "api-instance-template20230625212146816300000001",
            "name_prefix": "api-instance-template",
            "network_interface": [
              {
                "access_config": [
                  {
                    "nat_ip": "",
                    "network_tier": "PREMIUM",
                    "public_ptr_domain_name": ""
                  }
                ],
                "alias_ip_range": [],
                "ipv6_access_config": [],
                "ipv6_access_type": "",
                "name": "nic0",
                "network": "https://www.googleapis.com/compute/v1/projects/cityscout-390219/global/networks/default",
                "network_ip": "",
                "nic_type": "",
                "queue_count": 0,
                "stack_type": "",
                "subnetwork": "https://www.googleapis.com/compute/v1/projects/cityscout-390219/regions/us-west3/subnetworks/default",
                "subnetwork_project": "cityscout-390219"
              }
            ],
            "network_performance_config": [],
            "project": "cityscout-390219",
            "region": "us-west3",
            "reservation_affinity": [],
            "resource_policies": null,
            "scheduling": [
              {
                "automatic_restart": false,
                "instance_termination_action": "STOP",
                "min_node_cpus": 0,
                "node_affinities": [],
                "on_host_maintenance": "TERMINATE",
                "preemptible": true,
                "provisioning_model": "SPOT"
              }
            ],
            "self_link": "https://www.googleapis.com/compute/v1/projects/cityscout-390219/global/instanceTemplates/api-instance-template20230625212146816300000001",
            "self_link_unique": "https://www.googleapis.com/compute/v1/projects/cityscout-390219/global/instanceTemplates/api-instance-template20230625212146816300000001?uniqueId=3587360794179080452",
            "service_account": [
              {
                "email": "default",
                "scopes": [
                  "https://www.googleapis.com/auth/cloud-platform",
                  "https://www.googleapis.com/auth/devstorage.read_only",
                  "https://www.googleapis.com/auth/logging.write",
                  "https://www.googleapis.com/auth/monitoring.write",
                  "https://www.googleapis.com/auth/pubsub",
                  "https://www.googleapis.com/auth/service.management.readonly",
                  "https://www.googleapis.com/auth/servicecontrol",
                  "https://www.googleapis.com/auth/trace.append"
                ]
              }
            ],
            "shielded_instance_config": [],
            "tags": [
              "allow-health-check"
            ],
            "tags_fingerprint": "",
            "timeouts": null
          },
          "sensitive_attributes": [],
          "private": "eyJlMmJmYjczMC1lY2FhLTExZTYtOGY4OC0zNDM2M2JjN2M0YzAiOnsiY3JlYXRlIjoyNDAwMDAwMDAwMDAsImRlbGV0ZSI6MjQwMDAwMDAwMDAwfSwic2NoZW1hX3ZlcnNpb24iOiIxIn0=",
          "dependencies": [
            "data.google_compute_image.gce_container_vm_image",
            "module.api-container.data.google_compute_image.coreos"
          ],
          "create_before_destroy": true
        }
      ]
    },
    {
      "mode": "managed",
      "type": "google_compute_instance_template",
      "name": "web",
      "provider": "provider[\"registry.terraform.io/hashicorp/google\"]",
      "instances": [
        {
          "schema_version": 1,
          "attributes": {
            "advanced_machine_features": [],
            "can_ip_forward": false,
            "confidential_instance_config": null,
            "description": "",
            "disk": [
              {
                "auto_delete": true,
                "boot": true,
                "device_name": "persistent-disk-1",
                "disk_encryption_key": [],
                "disk_name": "",
                "disk_size_gb": 10,
                "disk_type": "pd-standard",
                "interface": "SCSI",
                "labels": null,
                "mode": "READ_WRITE",
                "resource_policies": null,
                "source": "",
                "source_image": "projects/cos-cloud/global/images/cos-stable-105-17412-101-24",
                "source_image_encryption_key": [],
                "source_snapshot": "",
                "source_snapshot_encryption_key": [],
                "type": "PERSISTENT"
              }
            ],
            "guest_accelerator": [],
            "id": "projects/cityscout-390219/global/instanceTemplates/web-instance-template20230625212146816600000002",
            "instance_description": "",
            "labels": {
              "container-vm": "cos-stable-105-17412-101-24",
              "managed-by-cnrm": "true"
            },
            "machine_type": "n1-standard-1",
            "metadata": {
              "gce-container-declaration": "\"spec\":\n  \"containers\":\n  - \"image\": \"us-west3-docker.pkg.dev/cityscout-390219/web/1.14\"\n    \"securityContext\":\n      \"privileged\": true\n    \"tty\": true\n  \"restartPolicy\": \"Always\"\n  \"volumes\": []\n",
              "google-logging-enabled": "true"
            },
            "metadata_fingerprint": "DxgazieS_sY=",
            "metadata_startup_script": null,
            "min_cpu_platform": "",
            "name": "web-instance-template20230625212146816600000002",
            "name_prefix": "web-instance-template",
            "network_interface": [
              {
                "access_config": [
                  {
                    "nat_ip": "",
                    "network_tier": "PREMIUM",
                    "public_ptr_domain_name": ""
                  }
                ],
                "alias_ip_range": [],
                "ipv6_access_config": [],
                "ipv6_access_type": "",
                "name": "nic0",
                "network": "https://www.googleapis.com/compute/v1/projects/cityscout-390219/global/networks/default",
                "network_ip": "",
                "nic_type": "",
                "queue_count": 0,
                "stack_type": "",
                "subnetwork": "https://www.googleapis.com/compute/v1/projects/cityscout-390219/regions/us-west3/subnetworks/default",
                "subnetwork_project": "cityscout-390219"
              }
            ],
            "network_performance_config": [],
            "project": "cityscout-390219",
            "region": "us-west3",
            "reservation_affinity": [],
            "resource_policies": null,
            "scheduling": [
              {
                "automatic_restart": false,
                "instance_termination_action": "STOP",
                "min_node_cpus": 0,
                "node_affinities": [],
                "on_host_maintenance": "TERMINATE",
                "preemptible": true,
                "provisioning_model": "SPOT"
              }
            ],
            "self_link": "https://www.googleapis.com/compute/v1/projects/cityscout-390219/global/instanceTemplates/web-instance-template20230625212146816600000002",
            "self_link_unique": "https://www.googleapis.com/compute/v1/projects/cityscout-390219/global/instanceTemplates/web-instance-template20230625212146816600000002?uniqueId=7979749141137133828",
            "service_account": [
              {
                "email": "default",
                "scopes": [
                  "https://www.googleapis.com/auth/cloud-platform",
                  "https://www.googleapis.com/auth/devstorage.read_only",
                  "https://www.googleapis.com/auth/logging.write",
                  "https://www.googleapis.com/auth/monitoring.write",
                  "https://www.googleapis.com/auth/pubsub",
                  "https://www.googleapis.com/auth/service.management.readonly",
                  "https://www.googleapis.com/auth/servicecontrol",
                  "https://www.googleapis.com/auth/trace.append"
                ]
              }
            ],
            "shielded_instance_config": [],
            "tags": [
              "allow-health-check"
            ],
            "tags_fingerprint": "",
            "timeouts": null
          },
          "sensitive_attributes": [],
          "private": "eyJlMmJmYjczMC1lY2FhLTExZTYtOGY4OC0zNDM2M2JjN2M0YzAiOnsiY3JlYXRlIjoyNDAwMDAwMDAwMDAsImRlbGV0ZSI6MjQwMDAwMDAwMDAwfSwic2NoZW1hX3ZlcnNpb24iOiIxIn0=",
          "dependencies": [
            "data.google_compute_image.gce_container_vm_image",
            "module.web-container.data.google_compute_image.coreos"
          ],
          "create_before_destroy": true
        }
      ]
    },
    {
      "mode": "managed",
      "type": "google_compute_managed_ssl_certificate",
      "name": "cityscout_managed_certificate",
      "provider": "provider[\"registry.terraform.io/hashicorp/google\"]",
      "instances": [
        {
          "schema_version": 0,
          "attributes": {
            "certificate_id": 5226179675628573321,
            "creation_timestamp": "2023-06-25T14:06:46.745-07:00",
            "description": "",
            "expire_time": "2023-09-23T14:06:48.000-07:00",
            "id": "projects/cityscout-390219/global/sslCertificates/cityscout",
            "managed": [
              {
                "domains": [
                  "cityscout.app"
                ]
              }
            ],
            "name": "cityscout",
            "project": "cityscout-390219",
            "self_link": "https://www.googleapis.com/compute/v1/projects/cityscout-390219/global/sslCertificates/cityscout",
            "subject_alternative_names": [
              "cityscout.app"
            ],
            "timeouts": null,
            "type": "MANAGED"
          },
          "sensitive_attributes": [],
          "private": "eyJlMmJmYjczMC1lY2FhLTExZTYtOGY4OC0zNDM2M2JjN2M0YzAiOnsiY3JlYXRlIjoxODAwMDAwMDAwMDAwLCJkZWxldGUiOjE4MDAwMDAwMDAwMDB9fQ=="
        }
      ]
    },
    {
      "mode": "managed",
      "type": "google_compute_region_autoscaler",
      "name": "api",
      "provider": "provider[\"registry.terraform.io/hashicorp/google\"]",
      "instances": [
        {
          "schema_version": 0,
          "attributes": {
            "autoscaling_policy": [
              {
                "cooldown_period": 60,
                "cpu_utilization": [
                  {
                    "predictive_method": "NONE",
                    "target": 0.8
                  }
                ],
                "load_balancing_utilization": [],
                "max_replicas": 5,
                "metric": [],
                "min_replicas": 1,
                "mode": "ON",
                "scale_in_control": [],
                "scaling_schedules": []
              }
            ],
            "creation_timestamp": "2023-06-24T20:20:08.941-07:00",
            "description": "",
            "id": "projects/cityscout-390219/regions/us-west3/autoscalers/api-autoscaler",
            "name": "api-autoscaler",
            "project": "cityscout-390219",
            "region": "https://www.googleapis.com/compute/v1/projects/cityscout-390219/regions/us-west3",
            "self_link": "https://www.googleapis.com/compute/v1/projects/cityscout-390219/regions/us-west3/autoscalers/api-autoscaler",
            "target": "https://www.googleapis.com/compute/v1/projects/cityscout-390219/regions/us-west3/instanceGroupManagers/api-group-manager",
            "timeouts": null
          },
          "sensitive_attributes": [],
          "private": "eyJlMmJmYjczMC1lY2FhLTExZTYtOGY4OC0zNDM2M2JjN2M0YzAiOnsiY3JlYXRlIjoxMjAwMDAwMDAwMDAwLCJkZWxldGUiOjEyMDAwMDAwMDAwMDAsInVwZGF0ZSI6MTIwMDAwMDAwMDAwMH19",
          "dependencies": [
            "data.google_compute_image.gce_container_vm_image",
            "google_compute_instance_template.api",
            "google_compute_region_instance_group_manager.api",
            "module.api-container.data.google_compute_image.coreos"
          ]
        }
      ]
    },
    {
      "mode": "managed",
      "type": "google_compute_region_autoscaler",
      "name": "web",
      "provider": "provider[\"registry.terraform.io/hashicorp/google\"]",
      "instances": [
        {
          "schema_version": 0,
          "attributes": {
            "autoscaling_policy": [
              {
                "cooldown_period": 60,
                "cpu_utilization": [
                  {
                    "predictive_method": "NONE",
                    "target": 0.8
                  }
                ],
                "load_balancing_utilization": [],
                "max_replicas": 5,
                "metric": [],
                "min_replicas": 1,
                "mode": "ON",
                "scale_in_control": [],
                "scaling_schedules": []
              }
            ],
            "creation_timestamp": "2023-06-24T20:20:08.335-07:00",
            "description": "",
            "id": "projects/cityscout-390219/regions/us-west3/autoscalers/web-autoscaler",
            "name": "web-autoscaler",
            "project": "cityscout-390219",
            "region": "https://www.googleapis.com/compute/v1/projects/cityscout-390219/regions/us-west3",
            "self_link": "https://www.googleapis.com/compute/v1/projects/cityscout-390219/regions/us-west3/autoscalers/web-autoscaler",
            "target": "https://www.googleapis.com/compute/v1/projects/cityscout-390219/regions/us-west3/instanceGroupManagers/web-group-manager",
            "timeouts": null
          },
          "sensitive_attributes": [],
          "private": "eyJlMmJmYjczMC1lY2FhLTExZTYtOGY4OC0zNDM2M2JjN2M0YzAiOnsiY3JlYXRlIjoxMjAwMDAwMDAwMDAwLCJkZWxldGUiOjEyMDAwMDAwMDAwMDAsInVwZGF0ZSI6MTIwMDAwMDAwMDAwMH19",
          "dependencies": [
            "data.google_compute_image.gce_container_vm_image",
            "google_compute_instance_template.web",
            "google_compute_region_instance_group_manager.web",
            "module.web-container.data.google_compute_image.coreos"
          ]
        }
      ]
    },
    {
      "mode": "managed",
      "type": "google_compute_region_instance_group_manager",
      "name": "api",
      "provider": "provider[\"registry.terraform.io/hashicorp/google\"]",
      "instances": [
        {
          "schema_version": 0,
          "attributes": {
            "auto_healing_policies": [],
            "base_instance_name": "vm",
            "description": "",
            "distribution_policy_target_shape": "EVEN",
            "distribution_policy_zones": [
              "us-west3-a",
              "us-west3-b",
              "us-west3-c"
            ],
            "fingerprint": "t98kuLLQD28=",
            "id": "projects/cityscout-390219/regions/us-west3/instanceGroupManagers/api-group-manager",
            "instance_group": "https://www.googleapis.com/compute/v1/projects/cityscout-390219/regions/us-west3/instanceGroups/api-group-manager",
            "list_managed_instances_results": "PAGELESS",
            "name": "api-group-manager",
            "named_port": [
              {
                "name": "http",
                "port": 8080
              }
            ],
            "project": "cityscout-390219",
            "region": "us-west3",
            "self_link": "https://www.googleapis.com/compute/v1/projects/cityscout-390219/regions/us-west3/instanceGroupManagers/api-group-manager",
            "stateful_disk": [],
            "status": [
              {
                "is_stable": false,
                "stateful": [
                  {
                    "has_stateful_config": false,
                    "per_instance_configs": [
                      {
                        "all_effective": true
                      }
                    ]
                  }
                ],
                "version_target": [
                  {
                    "is_reached": false
                  }
                ]
              }
            ],
            "target_pools": [],
            "target_size": 1,
            "timeouts": null,
            "update_policy": [
              {
                "instance_redistribution_type": "PROACTIVE",
                "max_surge_fixed": 3,
                "max_surge_percent": 0,
                "max_unavailable_fixed": 3,
                "max_unavailable_percent": 0,
                "minimal_action": "RESTART",
                "most_disruptive_allowed_action": "",
                "replacement_method": "SUBSTITUTE",
                "type": "PROACTIVE"
              }
            ],
            "version": [
              {
                "instance_template": "https://www.googleapis.com/compute/v1/projects/cityscout-390219/global/instanceTemplates/api-instance-template20230625212146816300000001",
                "name": "primary",
                "target_size": []
              }
            ],
            "wait_for_instances": false,
            "wait_for_instances_status": "STABLE"
          },
          "sensitive_attributes": [],
          "private": "eyJlMmJmYjczMC1lY2FhLTExZTYtOGY4OC0zNDM2M2JjN2M0YzAiOnsiY3JlYXRlIjo5MDAwMDAwMDAwMDAsImRlbGV0ZSI6OTAwMDAwMDAwMDAwLCJ1cGRhdGUiOjkwMDAwMDAwMDAwMH19",
          "dependencies": [
            "data.google_compute_image.gce_container_vm_image",
            "google_compute_instance_template.api",
            "module.api-container.data.google_compute_image.coreos"
          ]
        }
      ]
    },
    {
      "mode": "managed",
      "type": "google_compute_region_instance_group_manager",
      "name": "web",
      "provider": "provider[\"registry.terraform.io/hashicorp/google\"]",
      "instances": [
        {
          "schema_version": 0,
          "attributes": {
            "auto_healing_policies": [],
            "base_instance_name": "vm",
            "description": "",
            "distribution_policy_target_shape": "EVEN",
            "distribution_policy_zones": [
              "us-west3-a",
              "us-west3-b",
              "us-west3-c"
            ],
            "fingerprint": "89yFLYNe3rw=",
            "id": "projects/cityscout-390219/regions/us-west3/instanceGroupManagers/web-group-manager",
            "instance_group": "https://www.googleapis.com/compute/v1/projects/cityscout-390219/regions/us-west3/instanceGroups/web-group-manager",
            "list_managed_instances_results": "PAGELESS",
            "name": "web-group-manager",
            "named_port": [
              {
                "name": "http",
                "port": 3000
              }
            ],
            "project": "cityscout-390219",
            "region": "us-west3",
            "self_link": "https://www.googleapis.com/compute/v1/projects/cityscout-390219/regions/us-west3/instanceGroupManagers/web-group-manager",
            "stateful_disk": [],
            "status": [
              {
                "is_stable": false,
                "stateful": [
                  {
                    "has_stateful_config": false,
                    "per_instance_configs": [
                      {
                        "all_effective": true
                      }
                    ]
                  }
                ],
                "version_target": [
                  {
                    "is_reached": false
                  }
                ]
              }
            ],
            "target_pools": [],
            "target_size": 1,
            "timeouts": null,
            "update_policy": [
              {
                "instance_redistribution_type": "PROACTIVE",
                "max_surge_fixed": 3,
                "max_surge_percent": 0,
                "max_unavailable_fixed": 3,
                "max_unavailable_percent": 0,
                "minimal_action": "RESTART",
                "most_disruptive_allowed_action": "",
                "replacement_method": "SUBSTITUTE",
                "type": "PROACTIVE"
              }
            ],
            "version": [
              {
                "instance_template": "https://www.googleapis.com/compute/v1/projects/cityscout-390219/global/instanceTemplates/web-instance-template20230625212146816600000002",
                "name": "primary",
                "target_size": []
              }
            ],
            "wait_for_instances": false,
            "wait_for_instances_status": "STABLE"
          },
          "sensitive_attributes": [],
          "private": "eyJlMmJmYjczMC1lY2FhLTExZTYtOGY4OC0zNDM2M2JjN2M0YzAiOnsiY3JlYXRlIjo5MDAwMDAwMDAwMDAsImRlbGV0ZSI6OTAwMDAwMDAwMDAwLCJ1cGRhdGUiOjkwMDAwMDAwMDAwMH19",
          "dependencies": [
            "data.google_compute_image.gce_container_vm_image",
            "google_compute_instance_template.web",
            "module.web-container.data.google_compute_image.coreos"
          ]
        }
      ]
    },
    {
      "mode": "managed",
      "type": "google_compute_target_https_proxy",
      "name": "default",
      "provider": "provider[\"registry.terraform.io/hashicorp/google\"]",
      "instances": [
        {
          "schema_version": 0,
          "attributes": {
            "certificate_map": "",
            "creation_timestamp": "2023-06-25T14:06:58.158-07:00",
            "description": "",
            "id": "projects/cityscout-390219/global/targetHttpsProxies/https-proxy",
            "name": "https-proxy",
            "project": "cityscout-390219",
            "proxy_bind": false,
            "proxy_id": 7586990715678560925,
            "quic_override": "NONE",
            "self_link": "https://www.googleapis.com/compute/v1/projects/cityscout-390219/global/targetHttpsProxies/https-proxy",
            "ssl_certificates": [
              "https://www.googleapis.com/compute/v1/projects/cityscout-390219/global/sslCertificates/cityscout"
            ],
            "ssl_policy": "",
            "timeouts": null,
            "url_map": "https://www.googleapis.com/compute/v1/projects/cityscout-390219/global/urlMaps/http-url-map"
          },
          "sensitive_attributes": [],
          "private": "eyJlMmJmYjczMC1lY2FhLTExZTYtOGY4OC0zNDM2M2JjN2M0YzAiOnsiY3JlYXRlIjoxMjAwMDAwMDAwMDAwLCJkZWxldGUiOjEyMDAwMDAwMDAwMDAsInVwZGF0ZSI6MTIwMDAwMDAwMDAwMH19",
          "dependencies": [
            "data.google_compute_image.gce_container_vm_image",
            "google_compute_backend_service.api",
            "google_compute_backend_service.web",
            "google_compute_health_check.api",
            "google_compute_health_check.web",
            "google_compute_instance_template.api",
            "google_compute_instance_template.web",
            "google_compute_managed_ssl_certificate.cityscout_managed_certificate",
            "google_compute_region_instance_group_manager.api",
            "google_compute_region_instance_group_manager.web",
            "google_compute_url_map.default",
            "module.api-container.data.google_compute_image.coreos",
            "module.web-container.data.google_compute_image.coreos"
          ]
        }
      ]
    },
    {
      "mode": "managed",
      "type": "google_compute_url_map",
      "name": "default",
      "provider": "provider[\"registry.terraform.io/hashicorp/google\"]",
      "instances": [
        {
          "schema_version": 0,
          "attributes": {
            "creation_timestamp": "2023-06-24T20:21:42.760-07:00",
            "default_route_action": [],
            "default_service": "",
            "default_url_redirect": [
              {
                "host_redirect": "",
                "https_redirect": true,
                "path_redirect": "/",
                "prefix_redirect": "",
                "redirect_response_code": "",
                "strip_query": false
              }
            ],
            "description": "",
            "fingerprint": "FOT8_Jv46lM=",
            "header_action": [],
            "host_rule": [
              {
                "description": "",
                "hosts": [
                  "*"
                ],
                "path_matcher": "all"
              }
            ],
            "id": "projects/cityscout-390219/global/urlMaps/http-url-map",
            "map_id": 1518742568324172841,
            "name": "http-url-map",
            "path_matcher": [
              {
                "default_route_action": [],
                "default_service": "https://www.googleapis.com/compute/v1/projects/cityscout-390219/global/backendServices/backend-service-web",
                "default_url_redirect": [],
                "description": "",
                "header_action": [],
                "name": "all",
                "path_rule": [
                  {
                    "paths": [
                      "/api/*"
                    ],
                    "route_action": [],
                    "service": "https://www.googleapis.com/compute/v1/projects/cityscout-390219/global/backendServices/backend-service-api",
                    "url_redirect": []
                  }
                ],
                "route_rules": []
              }
            ],
            "project": "cityscout-390219",
            "self_link": "https://www.googleapis.com/compute/v1/projects/cityscout-390219/global/urlMaps/http-url-map",
            "test": [],
            "timeouts": null
          },
          "sensitive_attributes": [],
          "private": "eyJlMmJmYjczMC1lY2FhLTExZTYtOGY4OC0zNDM2M2JjN2M0YzAiOnsiY3JlYXRlIjoxMjAwMDAwMDAwMDAwLCJkZWxldGUiOjEyMDAwMDAwMDAwMDAsInVwZGF0ZSI6MTIwMDAwMDAwMDAwMH19",
          "dependencies": [
            "data.google_compute_image.gce_container_vm_image",
            "google_compute_backend_service.api",
            "google_compute_backend_service.web",
            "google_compute_health_check.api",
            "google_compute_health_check.web",
            "google_compute_instance_template.api",
            "google_compute_instance_template.web",
            "google_compute_region_instance_group_manager.api",
            "google_compute_region_instance_group_manager.web",
            "module.api-container.data.google_compute_image.coreos",
            "module.web-container.data.google_compute_image.coreos"
          ],
          "create_before_destroy": true
        }
      ]
    },
    {
      "module": "module.api-container",
      "mode": "data",
      "type": "google_compute_image",
      "name": "coreos",
      "provider": "provider[\"registry.terraform.io/hashicorp/google\"]",
      "instances": [
        {
          "schema_version": 0,
          "attributes": {
            "archive_size_bytes": 1540968768,
            "creation_timestamp": "2023-06-12T11:39:14.757-07:00",
            "description": "Google, Container-Optimized OS, 105-17412.101.24 stable, Kernel: COS-5.15.109 Kubernetes: 1.25.5 Docker: 23.0.3 Family: cos-stable, supports Shielded VM features",
            "disk_size_gb": 10,
            "family": "cos-stable",
            "filter": null,
            "id": "projects/cos-cloud/global/images/cos-stable-105-17412-101-24",
            "image_encryption_key_sha256": "",
            "image_id": "596984845061249214",
            "label_fingerprint": "-KpEJ5YYTKg=",
            "labels": {
              "build_number": "17412-101-24",
              "milestone": "105"
            },
            "licenses": [
              "https://www.googleapis.com/compute/v1/projects/cos-cloud-shielded/global/licenses/shielded-cos",
              "https://www.googleapis.com/compute/v1/projects/cos-cloud/global/licenses/cos",
              "https://www.googleapis.com/compute/v1/projects/cos-cloud/global/licenses/cos-pcid"
            ],
            "name": "cos-stable-105-17412-101-24",
            "project": "cos-cloud",
            "self_link": "https://www.googleapis.com/compute/v1/projects/cos-cloud/global/images/cos-stable-105-17412-101-24",
            "source_disk": "",
            "source_disk_encryption_key_sha256": "",
            "source_disk_id": "",
            "source_image_id": "",
            "status": "READY"
          },
          "sensitive_attributes": []
        }
      ]
    },
    {
      "module": "module.web-container",
      "mode": "data",
      "type": "google_compute_image",
      "name": "coreos",
      "provider": "provider[\"registry.terraform.io/hashicorp/google\"]",
      "instances": [
        {
          "schema_version": 0,
          "attributes": {
            "archive_size_bytes": 1540968768,
            "creation_timestamp": "2023-06-12T11:39:14.757-07:00",
            "description": "Google, Container-Optimized OS, 105-17412.101.24 stable, Kernel: COS-5.15.109 Kubernetes: 1.25.5 Docker: 23.0.3 Family: cos-stable, supports Shielded VM features",
            "disk_size_gb": 10,
            "family": "cos-stable",
            "filter": null,
            "id": "projects/cos-cloud/global/images/cos-stable-105-17412-101-24",
            "image_encryption_key_sha256": "",
            "image_id": "596984845061249214",
            "label_fingerprint": "-KpEJ5YYTKg=",
            "labels": {
              "build_number": "17412-101-24",
              "milestone": "105"
            },
            "licenses": [
              "https://www.googleapis.com/compute/v1/projects/cos-cloud-shielded/global/licenses/shielded-cos",
              "https://www.googleapis.com/compute/v1/projects/cos-cloud/global/licenses/cos",
              "https://www.googleapis.com/compute/v1/projects/cos-cloud/global/licenses/cos-pcid"
            ],
            "name": "cos-stable-105-17412-101-24",
            "project": "cos-cloud",
            "self_link": "https://www.googleapis.com/compute/v1/projects/cos-cloud/global/images/cos-stable-105-17412-101-24",
            "source_disk": "",
            "source_disk_encryption_key_sha256": "",
            "source_disk_id": "",
            "source_image_id": "",
            "status": "READY"
          },
          "sensitive_attributes": []
        }
      ]
    }
  ],
  "check_results": null
}
